// !$*UTF8*$!
{
	archiveVersion = 1;
	classes = {
	};
	objectVersion = 56;
	objects = {

/* Begin PBXBuildFile section */
		4D04AF822C709950006BD8C3 /* CleanArcSwiftUIApp.swift in Sources */ = {isa = PBXBuildFile; fileRef = 4D04AF812C709950006BD8C3 /* CleanArcSwiftUIApp.swift */; };
		4D04AF862C709952006BD8C3 /* Assets.xcassets in Resources */ = {isa = PBXBuildFile; fileRef = 4D04AF852C709952006BD8C3 /* Assets.xcassets */; };
		4D04AF8A2C709952006BD8C3 /* Preview Assets.xcassets in Resources */ = {isa = PBXBuildFile; fileRef = 4D04AF892C709952006BD8C3 /* Preview Assets.xcassets */; };
		4D04AFA52C7099F7006BD8C3 /* MessageListView.swift in Sources */ = {isa = PBXBuildFile; fileRef = 4D04AF932C7099F7006BD8C3 /* MessageListView.swift */; };
		4D04AFA62C7099F7006BD8C3 /* MessageListViewModel.swift in Sources */ = {isa = PBXBuildFile; fileRef = 4D04AF952C7099F7006BD8C3 /* MessageListViewModel.swift */; };
		4D04AFA72C7099F7006BD8C3 /* MessageDataSource.swift in Sources */ = {isa = PBXBuildFile; fileRef = 4D04AF992C7099F7006BD8C3 /* MessageDataSource.swift */; };
		4D04AFA82C7099F7006BD8C3 /* MessageDataSourceImpl.swift in Sources */ = {isa = PBXBuildFile; fileRef = 4D04AF9A2C7099F7006BD8C3 /* MessageDataSourceImpl.swift */; };
		4D04AFA92C7099F7006BD8C3 /* Message.swift in Sources */ = {isa = PBXBuildFile; fileRef = 4D04AF9D2C7099F7006BD8C3 /* Message.swift */; };
		4D04AFAA2C7099F7006BD8C3 /* MessageRepository.swift in Sources */ = {isa = PBXBuildFile; fileRef = 4D04AF9F2C7099F7006BD8C3 /* MessageRepository.swift */; };
		4D04AFAB2C7099F7006BD8C3 /* MessageRepositoryImpl.swift in Sources */ = {isa = PBXBuildFile; fileRef = 4D04AFA02C7099F7006BD8C3 /* MessageRepositoryImpl.swift */; };
		4D04AFAC2C7099F7006BD8C3 /* GetMessages.swift in Sources */ = {isa = PBXBuildFile; fileRef = 4D04AFA22C7099F7006BD8C3 /* GetMessages.swift */; };
/* End PBXBuildFile section */

/* Begin PBXFileReference section */
		4D04AF7E2C709950006BD8C3 /* CleanArcSwiftUI.app */ = {isa = PBXFileReference; explicitFileType = wrapper.application; includeInIndex = 0; path = CleanArcSwiftUI.app; sourceTree = BUILT_PRODUCTS_DIR; };
		4D04AF812C709950006BD8C3 /* CleanArcSwiftUIApp.swift */ = {isa = PBXFileReference; lastKnownFileType = sourcecode.swift; path = CleanArcSwiftUIApp.swift; sourceTree = "<group>"; };
		4D04AF852C709952006BD8C3 /* Assets.xcassets */ = {isa = PBXFileReference; lastKnownFileType = folder.assetcatalog; path = Assets.xcassets; sourceTree = "<group>"; };
		4D04AF872C709952006BD8C3 /* CleanArcSwiftUI.entitlements */ = {isa = PBXFileReference; lastKnownFileType = text.plist.entitlements; path = CleanArcSwiftUI.entitlements; sourceTree = "<group>"; };
		4D04AF892C709952006BD8C3 /* Preview Assets.xcassets */ = {isa = PBXFileReference; lastKnownFileType = folder.assetcatalog; path = "Preview Assets.xcassets"; sourceTree = "<group>"; };
		4D04AF932C7099F7006BD8C3 /* MessageListView.swift */ = {isa = PBXFileReference; fileEncoding = 4; lastKnownFileType = sourcecode.swift; path = MessageListView.swift; sourceTree = "<group>"; };
		4D04AF952C7099F7006BD8C3 /* MessageListViewModel.swift */ = {isa = PBXFileReference; fileEncoding = 4; lastKnownFileType = sourcecode.swift; path = MessageListViewModel.swift; sourceTree = "<group>"; };
		4D04AF992C7099F7006BD8C3 /* MessageDataSource.swift */ = {isa = PBXFileReference; fileEncoding = 4; lastKnownFileType = sourcecode.swift; path = MessageDataSource.swift; sourceTree = "<group>"; };
		4D04AF9A2C7099F7006BD8C3 /* MessageDataSourceImpl.swift */ = {isa = PBXFileReference; fileEncoding = 4; lastKnownFileType = sourcecode.swift; path = MessageDataSourceImpl.swift; sourceTree = "<group>"; };
		4D04AF9D2C7099F7006BD8C3 /* Message.swift */ = {isa = PBXFileReference; fileEncoding = 4; lastKnownFileType = sourcecode.swift; path = Message.swift; sourceTree = "<group>"; };
		4D04AF9F2C7099F7006BD8C3 /* MessageRepository.swift */ = {isa = PBXFileReference; fileEncoding = 4; lastKnownFileType = sourcecode.swift; path = MessageRepository.swift; sourceTree = "<group>"; };
		4D04AFA02C7099F7006BD8C3 /* MessageRepositoryImpl.swift */ = {isa = PBXFileReference; fileEncoding = 4; lastKnownFileType = sourcecode.swift; path = MessageRepositoryImpl.swift; sourceTree = "<group>"; };
		4D04AFA22C7099F7006BD8C3 /* GetMessages.swift */ = {isa = PBXFileReference; fileEncoding = 4; lastKnownFileType = sourcecode.swift; path = GetMessages.swift; sourceTree = "<group>"; };
/* End PBXFileReference section */

/* Begin PBXFrameworksBuildPhase section */
		4D04AF7B2C709950006BD8C3 /* Frameworks */ = {
			isa = PBXFrameworksBuildPhase;
			buildActionMask = 2147483647;
			files = (
			);
			runOnlyForDeploymentPostprocessing = 0;
		};
/* End PBXFrameworksBuildPhase section */

/* Begin PBXGroup section */
		4D04AF752C709950006BD8C3 = {
			isa = PBXGroup;
			children = (
				4D04AF802C709950006BD8C3 /* CleanArcSwiftUI */,
				4D04AF7F2C709950006BD8C3 /* Products */,
			);
			sourceTree = "<group>";
		};
		4D04AF7F2C709950006BD8C3 /* Products */ = {
			isa = PBXGroup;
			children = (
				4D04AF7E2C709950006BD8C3 /* CleanArcSwiftUI.app */,
			);
			name = Products;
			sourceTree = "<group>";
		};
		4D04AF802C709950006BD8C3 /* CleanArcSwiftUI */ = {
			isa = PBXGroup;
			children = (
				4D04AF872C709952006BD8C3 /* CleanArcSwiftUI.entitlements */,
				4D04AF812C709950006BD8C3 /* CleanArcSwiftUIApp.swift */,
				4D04AF852C709952006BD8C3 /* Assets.xcassets */,
				4D04AF9C2C7099F7006BD8C3 /* Data */,
				4D04AFA42C7099F7006BD8C3 /* Domain */,
				4D04AF982C7099F7006BD8C3 /* Presentation */,
				4D04AF882C709952006BD8C3 /* Preview Content */,
			);
			path = CleanArcSwiftUI;
			sourceTree = "<group>";
		};
		4D04AF882C709952006BD8C3 /* Preview Content */ = {
			isa = PBXGroup;
			children = (
				4D04AF892C709952006BD8C3 /* Preview Assets.xcassets */,
			);
			path = "Preview Content";
			sourceTree = "<group>";
		};
		4D04AF942C7099F7006BD8C3 /* View */ = {
			isa = PBXGroup;
			children = (
				4D04AF932C7099F7006BD8C3 /* MessageListView.swift */,
			);
			path = View;
			sourceTree = "<group>";
		};
		4D04AF962C7099F7006BD8C3 /* ViewModel */ = {
			isa = PBXGroup;
			children = (
				4D04AF952C7099F7006BD8C3 /* MessageListViewModel.swift */,
			);
			path = ViewModel;
			sourceTree = "<group>";
		};
		4D04AF972C7099F7006BD8C3 /* Home */ = {
			isa = PBXGroup;
			children = (
				4D04AF942C7099F7006BD8C3 /* View */,
				4D04AF962C7099F7006BD8C3 /* ViewModel */,
			);
			path = Home;
			sourceTree = "<group>";
		};
		4D04AF982C7099F7006BD8C3 /* Presentation */ = {
			isa = PBXGroup;
			children = (
				4D04AF972C7099F7006BD8C3 /* Home */,
			);
			path = Presentation;
			sourceTree = "<group>";
		};
		4D04AF9B2C7099F7006BD8C3 /* DataSource */ = {
			isa = PBXGroup;
			children = (
				4D04AF992C7099F7006BD8C3 /* MessageDataSource.swift */,
				4D04AF9A2C7099F7006BD8C3 /* MessageDataSourceImpl.swift */,
			);
			path = DataSource;
			sourceTree = "<group>";
		};
		4D04AF9C2C7099F7006BD8C3 /* Data */ = {
			isa = PBXGroup;
			children = (
				4D04AF9B2C7099F7006BD8C3 /* DataSource */,
			);
			path = Data;
			sourceTree = "<group>";
		};
		4D04AF9E2C7099F7006BD8C3 /* Model */ = {
			isa = PBXGroup;
			children = (
				4D04AF9D2C7099F7006BD8C3 /* Message.swift */,
			);
			path = Model;
			sourceTree = "<group>";
		};
		4D04AFA12C7099F7006BD8C3 /* Repository */ = {
			isa = PBXGroup;
			children = (
				4D04AF9F2C7099F7006BD8C3 /* MessageRepository.swift */,
				4D04AFA02C7099F7006BD8C3 /* MessageRepositoryImpl.swift */,
			);
			path = Repository;
			sourceTree = "<group>";
		};
		4D04AFA32C7099F7006BD8C3 /* UseCases */ = {
			isa = PBXGroup;
			children = (
				4D04AFA22C7099F7006BD8C3 /* GetMessages.swift */,
			);
			path = UseCases;
			sourceTree = "<group>";
		};
		4D04AFA42C7099F7006BD8C3 /* Domain */ = {
			isa = PBXGroup;
			children = (
				4D04AF9E2C7099F7006BD8C3 /* Model */,
				4D04AFA12C7099F7006BD8C3 /* Repository */,
				4D04AFA32C7099F7006BD8C3 /* UseCases */,
			);
			path = Domain;
			sourceTree = "<group>";
		};
/* End PBXGroup section */

/* Begin PBXNativeTarget section */
		4D04AF7D2C709950006BD8C3 /* CleanArcSwiftUI */ = {
			isa = PBXNativeTarget;
			buildConfigurationList = 4D04AF8D2C709952006BD8C3 /* Build configuration list for PBXNativeTarget "CleanArcSwiftUI" */;
			buildPhases = (
				4D04AF7A2C709950006BD8C3 /* Sources */,
				4D04AF7B2C709950006BD8C3 /* Frameworks */,
				4D04AF7C2C709950006BD8C3 /* Resources */,
			);
			buildRules = (
			);
			dependencies = (
			);
			name = CleanArcSwiftUI;
			productName = CleanArcSwiftUI;
			productReference = 4D04AF7E2C709950006BD8C3 /* CleanArcSwiftUI.app */;
			productType = "com.apple.product-type.application";
		};
/* End PBXNativeTarget section */

/* Begin PBXProject section */
		4D04AF762C709950006BD8C3 /* Project object */ = {
			isa = PBXProject;
			attributes = {
				BuildIndependentTargetsInParallel = 1;
				LastSwiftUpdateCheck = 1540;
				LastUpgradeCheck = 1540;
				TargetAttributes = {
					4D04AF7D2C709950006BD8C3 = {
						CreatedOnToolsVersion = 15.4;
					};
				};
			};
			buildConfigurationList = 4D04AF792C709950006BD8C3 /* Build configuration list for PBXProject "CleanArcSwiftUI" */;
			compatibilityVersion = "Xcode 14.0";
			developmentRegion = en;
			hasScannedForEncodings = 0;
			knownRegions = (
				en,
				Base,
			);
			mainGroup = 4D04AF752C709950006BD8C3;
			productRefGroup = 4D04AF7F2C709950006BD8C3 /* Products */;
			projectDirPath = "";
			projectRoot = "";
			targets = (
				4D04AF7D2C709950006BD8C3 /* CleanArcSwiftUI */,
			);
		};
/* End PBXProject section */

/* Begin PBXResourcesBuildPhase section */
		4D04AF7C2C709950006BD8C3 /* Resources */ = {
			isa = PBXResourcesBuildPhase;
			buildActionMask = 2147483647;
			files = (
				4D04AF8A2C709952006BD8C3 /* Preview Assets.xcassets in Resources */,
				4D04AF862C709952006BD8C3 /* Assets.xcassets in Resources */,
			);
			runOnlyForDeploymentPostprocessing = 0;
		};
/* End PBXResourcesBuildPhase section */

/* Begin PBXSourcesBuildPhase section */
		4D04AF7A2C709950006BD8C3 /* Sources */ = {
			isa = PBXSourcesBuildPhase;
			buildActionMask = 2147483647;
			files = (
				4D04AFA82C7099F7006BD8C3 /* MessageDataSourceImpl.swift in Sources */,
				4D04AFA52C7099F7006BD8C3 /* MessageListView.swift in Sources */,
				4D04AF822C709950006BD8C3 /* CleanArcSwiftUIApp.swift in Sources */,
				4D04AFAC2C7099F7006BD8C3 /* GetMessages.swift in Sources */,
				4D04AFA92C7099F7006BD8C3 /* Message.swift in Sources */,
				4D04AFAA2C7099F7006BD8C3 /* MessageRepository.swift in Sources */,
				4D04AFAB2C7099F7006BD8C3 /* MessageRepositoryImpl.swift in Sources */,
				4D04AFA72C7099F7006BD8C3 /* MessageDataSource.swift in Sources */,
				4D04AFA62C7099F7006BD8C3 /* MessageListViewModel.swift in Sources */,
			);
			runOnlyForDeploymentPostprocessing = 0;
		};
/* End PBXSourcesBuildPhase section */

/* Begin XCBuildConfiguration section */
		4D04AF8B2C709952006BD8C3 /* Debug */ = {
			isa = XCBuildConfiguration;
			buildSettings = {
				ALWAYS_SEARCH_USER_PATHS = NO;
				ASSETCATALOG_COMPILER_GENERATE_SWIFT_ASSET_SYMBOL_EXTENSIONS = YES;
				CLANG_ANALYZER_NONNULL = YES;
				CLANG_ANALYZER_NUMBER_OBJECT_CONVERSION = YES_AGGRESSIVE;
				CLANG_CXX_LANGUAGE_STANDARD = "gnu++20";
				CLANG_ENABLE_MODULES = YES;
				CLANG_ENABLE_OBJC_ARC = YES;
				CLANG_ENABLE_OBJC_WEAK = YES;
				CLANG_WARN_BLOCK_CAPTURE_AUTORELEASING = YES;
				CLANG_WARN_BOOL_CONVERSION = YES;
				CLANG_WARN_COMMA = YES;
				CLANG_WARN_CONSTANT_CONVERSION = YES;
				CLANG_WARN_DEPRECATED_OBJC_IMPLEMENTATIONS = YES;
				CLANG_WARN_DIRECT_OBJC_ISA_USAGE = YES_ERROR;
				CLANG_WARN_DOCUMENTATION_COMMENTS = YES;
				CLANG_WARN_EMPTY_BODY = YES;
				CLANG_WARN_ENUM_CONVERSION = YES;
				CLANG_WARN_INFINITE_RECURSION = YES;
				CLANG_WARN_INT_CONVERSION = YES;
				CLANG_WARN_NON_LITERAL_NULL_CONVERSION = YES;
				CLANG_WARN_OBJC_IMPLICIT_RETAIN_SELF = YES;
				CLANG_WARN_OBJC_LITERAL_CONVERSION = YES;
				CLANG_WARN_OBJC_ROOT_CLASS = YES_ERROR;
				CLANG_WARN_QUOTED_INCLUDE_IN_FRAMEWORK_HEADER = YES;
				CLANG_WARN_RANGE_LOOP_ANALYSIS = YES;
				CLANG_WARN_STRICT_PROTOTYPES = YES;
				CLANG_WARN_SUSPICIOUS_MOVE = YES;
				CLANG_WARN_UNGUARDED_AVAILABILITY = YES_AGGRESSIVE;
				CLANG_WARN_UNREACHABLE_CODE = YES;
				CLANG_WARN__DUPLICATE_METHOD_MATCH = YES;
				COPY_PHASE_STRIP = NO;
				DEBUG_INFORMATION_FORMAT = dwarf;
				ENABLE_STRICT_OBJC_MSGSEND = YES;
				ENABLE_TESTABILITY = YES;
				ENABLE_USER_SCRIPT_SANDBOXING = YES;
				GCC_C_LANGUAGE_STANDARD = gnu17;
				GCC_DYNAMIC_NO_PIC = NO;
				GCC_NO_COMMON_BLOCKS = YES;
				GCC_OPTIMIZATION_LEVEL = 0;
				GCC_PREPROCESSOR_DEFINITIONS = (
					"DEBUG=1",
					"$(inherited)",
				);
				GCC_WARN_64_TO_32_BIT_CONVERSION = YES;
				GCC_WARN_ABOUT_RETURN_TYPE = YES_ERROR;
				GCC_WARN_UNDECLARED_SELECTOR = YES;
				GCC_WARN_UNINITIALIZED_AUTOS = YES_AGGRESSIVE;
				GCC_WARN_UNUSED_FUNCTION = YES;
				GCC_WARN_UNUSED_VARIABLE = YES;
				LOCALIZATION_PREFERS_STRING_CATALOGS = YES;
				MTL_ENABLE_DEBUG_INFO = INCLUDE_SOURCE;
				MTL_FAST_MATH = YES;
				ONLY_ACTIVE_ARCH = YES;
				SWIFT_ACTIVE_COMPILATION_CONDITIONS = "DEBUG $(inherited)";
				SWIFT_OPTIMIZATION_LEVEL = "-Onone";
			};
			name = Debug;
		};
		4D04AF8C2C709952006BD8C3 /* Release */ = {
			isa = XCBuildConfiguration;
			buildSettings = {
				ALWAYS_SEARCH_USER_PATHS = NO;
				ASSETCATALOG_COMPILER_GENERATE_SWIFT_ASSET_SYMBOL_EXTENSIONS = YES;
				CLANG_ANALYZER_NONNULL = YES;
				CLANG_ANALYZER_NUMBER_OBJECT_CONVERSION = YES_AGGRESSIVE;
				CLANG_CXX_LANGUAGE_STANDARD = "gnu++20";
				CLANG_ENABLE_MODULES = YES;
				CLANG_ENABLE_OBJC_ARC = YES;
				CLANG_ENABLE_OBJC_WEAK = YES;
				CLANG_WARN_BLOCK_CAPTURE_AUTORELEASING = YES;
				CLANG_WARN_BOOL_CONVERSION = YES;
				CLANG_WARN_COMMA = YES;
				CLANG_WARN_CONSTANT_CONVERSION = YES;
				CLANG_WARN_DEPRECATED_OBJC_IMPLEMENTATIONS = YES;
				CLANG_WARN_DIRECT_OBJC_ISA_USAGE = YES_ERROR;
				CLANG_WARN_DOCUMENTATION_COMMENTS = YES;
				CLANG_WARN_EMPTY_BODY = YES;
				CLANG_WARN_ENUM_CONVERSION = YES;
				CLANG_WARN_INFINITE_RECURSION = YES;
				CLANG_WARN_INT_CONVERSION = YES;
				CLANG_WARN_NON_LITERAL_NULL_CONVERSION = YES;
				CLANG_WARN_OBJC_IMPLICIT_RETAIN_SELF = YES;
				CLANG_WARN_OBJC_LITERAL_CONVERSION = YES;
				CLANG_WARN_OBJC_ROOT_CLASS = YES_ERROR;
				CLANG_WARN_QUOTED_INCLUDE_IN_FRAMEWORK_HEADER = YES;
				CLANG_WARN_RANGE_LOOP_ANALYSIS = YES;
				CLANG_WARN_STRICT_PROTOTYPES = YES;
				CLANG_WARN_SUSPICIOUS_MOVE = YES;
				CLANG_WARN_UNGUARDED_AVAILABILITY = YES_AGGRESSIVE;
				CLANG_WARN_UNREACHABLE_CODE = YES;
				CLANG_WARN__DUPLICATE_METHOD_MATCH = YES;
				COPY_PHASE_STRIP = NO;
				DEBUG_INFORMATION_FORMAT = "dwarf-with-dsym";
				ENABLE_NS_ASSERTIONS = NO;
				ENABLE_STRICT_OBJC_MSGSEND = YES;
				ENABLE_USER_SCRIPT_SANDBOXING = YES;
				GCC_C_LANGUAGE_STANDARD = gnu17;
				GCC_NO_COMMON_BLOCKS = YES;
				GCC_WARN_64_TO_32_BIT_CONVERSION = YES;
				GCC_WARN_ABOUT_RETURN_TYPE = YES_ERROR;
				GCC_WARN_UNDECLARED_SELECTOR = YES;
				GCC_WARN_UNINITIALIZED_AUTOS = YES_AGGRESSIVE;
				GCC_WARN_UNUSED_FUNCTION = YES;
				GCC_WARN_UNUSED_VARIABLE = YES;
				LOCALIZATION_PREFERS_STRING_CATALOGS = YES;
				MTL_ENABLE_DEBUG_INFO = NO;
				MTL_FAST_MATH = YES;
				SWIFT_COMPILATION_MODE = wholemodule;
			};
			name = Release;
		};
		4D04AF8E2C709952006BD8C3 /* Debug */ = {
			isa = XCBuildConfiguration;
			buildSettings = {
				ASSETCATALOG_COMPILER_APPICON_NAME = AppIcon;
				ASSETCATALOG_COMPILER_GLOBAL_ACCENT_COLOR_NAME = AccentColor;
				CODE_SIGN_ENTITLEMENTS = CleanArcSwiftUI/CleanArcSwiftUI.entitlements;
				CODE_SIGN_STYLE = Automatic;
				CURRENT_PROJECT_VERSION = 1;
				DEVELOPMENT_ASSET_PATHS = "\"CleanArcSwiftUI/Preview Content\"";
				ENABLE_PREVIEWS = YES;
				GENERATE_INFOPLIST_FILE = YES;
				"INFOPLIST_KEY_UIApplicationSceneManifest_Generation[sdk=iphoneos*]" = YES;
				"INFOPLIST_KEY_UIApplicationSceneManifest_Generation[sdk=iphonesimulator*]" = YES;
				"INFOPLIST_KEY_UIApplicationSupportsIndirectInputEvents[sdk=iphoneos*]" = YES;
				"INFOPLIST_KEY_UIApplicationSupportsIndirectInputEvents[sdk=iphonesimulator*]" = YES;
				"INFOPLIST_KEY_UILaunchScreen_Generation[sdk=iphoneos*]" = YES;
				"INFOPLIST_KEY_UILaunchScreen_Generation[sdk=iphonesimulator*]" = YES;
				"INFOPLIST_KEY_UIStatusBarStyle[sdk=iphoneos*]" = UIStatusBarStyleDefault;
				"INFOPLIST_KEY_UIStatusBarStyle[sdk=iphonesimulator*]" = UIStatusBarStyleDefault;
				INFOPLIST_KEY_UISupportedInterfaceOrientations_iPad = "UIInterfaceOrientationPortrait UIInterfaceOrientationPortraitUpsideDown UIInterfaceOrientationLandscapeLeft UIInterfaceOrientationLandscapeRight";
				INFOPLIST_KEY_UISupportedInterfaceOrientations_iPhone = "UIInterfaceOrientationPortrait UIInterfaceOrientationLandscapeLeft UIInterfaceOrientationLandscapeRight";
				IPHONEOS_DEPLOYMENT_TARGET = 17.5;
				LD_RUNPATH_SEARCH_PATHS = "@executable_path/Frameworks";
				"LD_RUNPATH_SEARCH_PATHS[sdk=macosx*]" = "@executable_path/../Frameworks";
				MACOSX_DEPLOYMENT_TARGET = 14.4;
				MARKETING_VERSION = 1.0;
				PRODUCT_BUNDLE_IDENTIFIER = com.irsyadashar.CleanArcSwiftUI;
				PRODUCT_NAME = "$(TARGET_NAME)";
				SDKROOT = auto;
				SUPPORTED_PLATFORMS = "iphoneos iphonesimulator macosx";
				SWIFT_EMIT_LOC_STRINGS = YES;
				SWIFT_VERSION = 5.0;
				TARGETED_DEVICE_FAMILY = "1,2";
			};
			name = Debug;
		};
		4D04AF8F2C709952006BD8C3 /* Release */ = {
			isa = XCBuildConfiguration;
			buildSettings = {
				ASSETCATALOG_COMPILER_APPICON_NAME = AppIcon;
				ASSETCATALOG_COMPILER_GLOBAL_ACCENT_COLOR_NAME = AccentColor;
				CODE_SIGN_ENTITLEMENTS = CleanArcSwiftUI/CleanArcSwiftUI.entitlements;
				CODE_SIGN_STYLE = Automatic;
				CURRENT_PROJECT_VERSION = 1;
				DEVELOPMENT_ASSET_PATHS = "\"CleanArcSwiftUI/Preview Content\"";
				ENABLE_PREVIEWS = YES;
				GENERATE_INFOPLIST_FILE = YES;
				"INFOPLIST_KEY_UIApplicationSceneManifest_Generation[sdk=iphoneos*]" = YES;
				"INFOPLIST_KEY_UIApplicationSceneManifest_Generation[sdk=iphonesimulator*]" = YES;
				"INFOPLIST_KEY_UIApplicationSupportsIndirectInputEvents[sdk=iphoneos*]" = YES;
				"INFOPLIST_KEY_UIApplicationSupportsIndirectInputEvents[sdk=iphonesimulator*]" = YES;
				"INFOPLIST_KEY_UILaunchScreen_Generation[sdk=iphoneos*]" = YES;
				"INFOPLIST_KEY_UILaunchScreen_Generation[sdk=iphonesimulator*]" = YES;
				"INFOPLIST_KEY_UIStatusBarStyle[sdk=iphoneos*]" = UIStatusBarStyleDefault;
				"INFOPLIST_KEY_UIStatusBarStyle[sdk=iphonesimulator*]" = UIStatusBarStyleDefault;
				INFOPLIST_KEY_UISupportedInterfaceOrientations_iPad = "UIInterfaceOrientationPortrait UIInterfaceOrientationPortraitUpsideDown UIInterfaceOrientationLandscapeLeft UIInterfaceOrientationLandscapeRight";
				INFOPLIST_KEY_UISupportedInterfaceOrientations_iPhone = "UIInterfaceOrientationPortrait UIInterfaceOrientationLandscapeLeft UIInterfaceOrientationLandscapeRight";
				IPHONEOS_DEPLOYMENT_TARGET = 17.5;
				LD_RUNPATH_SEARCH_PATHS = "@executable_path/Frameworks";
				"LD_RUNPATH_SEARCH_PATHS[sdk=macosx*]" = "@executable_path/../Frameworks";
				MACOSX_DEPLOYMENT_TARGET = 14.4;
				MARKETING_VERSION = 1.0;
				PRODUCT_BUNDLE_IDENTIFIER = com.irsyadashar.CleanArcSwiftUI;
				PRODUCT_NAME = "$(TARGET_NAME)";
				SDKROOT = auto;
				SUPPORTED_PLATFORMS = "iphoneos iphonesimulator macosx";
				SWIFT_EMIT_LOC_STRINGS = YES;
				SWIFT_VERSION = 5.0;
				TARGETED_DEVICE_FAMILY = "1,2";
			};
			name = Release;
		};
/* End XCBuildConfiguration section */

/* Begin XCConfigurationList section */
		4D04AF792C709950006BD8C3 /* Build configuration list for PBXProject "CleanArcSwiftUI" */ = {
			isa = XCConfigurationList;
			buildConfigurations = (
				4D04AF8B2C709952006BD8C3 /* Debug */,
				4D04AF8C2C709952006BD8C3 /* Release */,
			);
			defaultConfigurationIsVisible = 0;
			defaultConfigurationName = Release;
		};
		4D04AF8D2C709952006BD8C3 /* Build configuration list for PBXNativeTarget "CleanArcSwiftUI" */ = {
			isa = XCConfigurationList;
			buildConfigurations = (
				4D04AF8E2C709952006BD8C3 /* Debug */,
				4D04AF8F2C709952006BD8C3 /* Release */,
			);
			defaultConfigurationIsVisible = 0;
			defaultConfigurationName = Release;
		};
/* End XCConfigurationList section */
	};
	rootObject = 4D04AF762C709950006BD8C3 /* Project object */;
}
